
Microsoft Visual Studio Solution File, Format Version 12.00
# Visual Studio Version 17
VisualStudioVersion = 17.10.35027.167
MinimumVisualStudioVersion = 10.0.40219.1
Project("{FAE04EC0-301F-11D3-BF4B-00C04F79EFBC}") = "FinalProject", "FinalProject\FinalProject.csproj", "{9870C9B5-20BE-4549-A576-E28B12E62B90}"
EndProject
Global
	GlobalSection(SolutionConfigurationPlatforms) = preSolution
		Debug|Any CPU = Debug|Any CPU
		Release|Any CPU = Release|Any CPU
	EndGlobalSection
	GlobalSection(ProjectConfigurationPlatforms) = postSolution
		{9870C9B5-20BE-4549-A576-E28B12E62B90}.Debug|Any CPU.ActiveCfg = Debug|Any CPU
		{9870C9B5-20BE-4549-A576-E28B12E62B90}.Debug|Any CPU.Build.0 = Debug|Any CPU
		{9870C9B5-20BE-4549-A576-E28B12E62B90}.Release|Any CPU.ActiveCfg = Release|Any CPU
		{9870C9B5-20BE-4549-A576-E28B12E62B90}.Release|Any CPU.Build.0 = Release|Any CPU
	EndGlobalSection
	GlobalSection(SolutionProperties) = preSolution
		HideSolutionNode = FALSE
	EndGlobalSection
	GlobalSection(ExtensibilityGlobals) = postSolution
		SolutionGuid = {1243865C-ADB8-47AC-8663-B565EDC112F9}
	EndGlobalSection
EndGlobal
